// !$*UTF8*$!
{
	archiveVersion = 1;
	classes = {
	};
	objectVersion = 50;
	objects = {

/* Begin PBXBuildFile section */
		96C92535221DDBD6003415FB /* AppDelegate.swift in Sources */ = {isa = PBXBuildFile; fileRef = 96C92534221DDBD6003415FB /* AppDelegate.swift */; };
		96C92537221DDBD6003415FB /* ViewController.swift in Sources */ = {isa = PBXBuildFile; fileRef = 96C92536221DDBD6003415FB /* ViewController.swift */; };
		96C9253A221DDBD6003415FB /* Main.storyboard in Resources */ = {isa = PBXBuildFile; fileRef = 96C92538221DDBD6003415FB /* Main.storyboard */; };
		96C9253C221DDBD7003415FB /* Assets.xcassets in Resources */ = {isa = PBXBuildFile; fileRef = 96C9253B221DDBD7003415FB /* Assets.xcassets */; };
		96C9253F221DDBD7003415FB /* LaunchScreen.storyboard in Resources */ = {isa = PBXBuildFile; fileRef = 96C9253D221DDBD7003415FB /* LaunchScreen.storyboard */; };
		96C9254A221DDBD7003415FB /* SagorpProj1Tests.swift in Sources */ = {isa = PBXBuildFile; fileRef = 96C92549221DDBD7003415FB /* SagorpProj1Tests.swift */; };
		96C92555221DDBD7003415FB /* SagorpProj1UITests.swift in Sources */ = {isa = PBXBuildFile; fileRef = 96C92554221DDBD7003415FB /* SagorpProj1UITests.swift */; };
		DD1C6C8F2230B41000703B35 /* SagorpProj1 in Resources */ = {isa = PBXBuildFile; fileRef = DD1C6C8E2230B41000703B35 /* SagorpProj1 */; };
/* End PBXBuildFile section */

/* Begin PBXContainerItemProxy section */
		96C92546221DDBD7003415FB /* PBXContainerItemProxy */ = {
			isa = PBXContainerItemProxy;
			containerPortal = 96C92529221DDBD6003415FB /* Project object */;
			proxyType = 1;
			remoteGlobalIDString = 96C92530221DDBD6003415FB;
			remoteInfo = SagorpProj1;
		};
		96C92551221DDBD7003415FB /* PBXContainerItemProxy */ = {
			isa = PBXContainerItemProxy;
			containerPortal = 96C92529221DDBD6003415FB /* Project object */;
			proxyType = 1;
			remoteGlobalIDString = 96C92530221DDBD6003415FB;
			remoteInfo = SagorpProj1;
		};
/* End PBXContainerItemProxy section */

/* Begin PBXFileReference section */
		96C92531221DDBD6003415FB /* SagorpProj1.app */ = {isa = PBXFileReference; explicitFileType = wrapper.application; includeInIndex = 0; path = SagorpProj1.app; sourceTree = BUILT_PRODUCTS_DIR; };
		96C92534221DDBD6003415FB /* AppDelegate.swift */ = {isa = PBXFileReference; lastKnownFileType = sourcecode.swift; path = AppDelegate.swift; sourceTree = "<group>"; };
		96C92536221DDBD6003415FB /* ViewController.swift */ = {isa = PBXFileReference; lastKnownFileType = sourcecode.swift; path = ViewController.swift; sourceTree = "<group>"; };
		96C92539221DDBD6003415FB /* Base */ = {isa = PBXFileReference; lastKnownFileType = file.storyboard; name = Base; path = Base.lproj/Main.storyboard; sourceTree = "<group>"; };
		96C9253B221DDBD7003415FB /* Assets.xcassets */ = {isa = PBXFileReference; lastKnownFileType = folder.assetcatalog; path = Assets.xcassets; sourceTree = "<group>"; };
		96C9253E221DDBD7003415FB /* Base */ = {isa = PBXFileReference; lastKnownFileType = file.storyboard; name = Base; path = Base.lproj/LaunchScreen.storyboard; sourceTree = "<group>"; };
		96C92540221DDBD7003415FB /* Info.plist */ = {isa = PBXFileReference; lastKnownFileType = text.plist.xml; path = Info.plist; sourceTree = "<group>"; };
		96C92545221DDBD7003415FB /* SagorpProj1Tests.xctest */ = {isa = PBXFileReference; explicitFileType = wrapper.cfbundle; includeInIndex = 0; path = SagorpProj1Tests.xctest; sourceTree = BUILT_PRODUCTS_DIR; };
		96C92549221DDBD7003415FB /* SagorpProj1Tests.swift */ = {isa = PBXFileReference; lastKnownFileType = sourcecode.swift; path = SagorpProj1Tests.swift; sourceTree = "<group>"; };
		96C9254B221DDBD7003415FB /* Info.plist */ = {isa = PBXFileReference; lastKnownFileType = text.plist.xml; path = Info.plist; sourceTree = "<group>"; };
		96C92550221DDBD7003415FB /* SagorpProj1UITests.xctest */ = {isa = PBXFileReference; explicitFileType = wrapper.cfbundle; includeInIndex = 0; path = SagorpProj1UITests.xctest; sourceTree = BUILT_PRODUCTS_DIR; };
		96C92554221DDBD7003415FB /* SagorpProj1UITests.swift */ = {isa = PBXFileReference; lastKnownFileType = sourcecode.swift; path = SagorpProj1UITests.swift; sourceTree = "<group>"; };
		96C92556221DDBD7003415FB /* Info.plist */ = {isa = PBXFileReference; lastKnownFileType = text.plist.xml; path = Info.plist; sourceTree = "<group>"; };
		DD1C6C8E2230B41000703B35 /* SagorpProj1 */ = {isa = PBXFileReference; lastKnownFileType = folder; name = SagorpProj1; sourceTree = "<group>"; };
/* End PBXFileReference section */

/* Begin PBXFrameworksBuildPhase section */
		96C9252E221DDBD6003415FB /* Frameworks */ = {
			isa = PBXFrameworksBuildPhase;
			buildActionMask = 2147483647;
			files = (
			);
			runOnlyForDeploymentPostprocessing = 0;
		};
		96C92542221DDBD7003415FB /* Frameworks */ = {
			isa = PBXFrameworksBuildPhase;
			buildActionMask = 2147483647;
			files = (
			);
			runOnlyForDeploymentPostprocessing = 0;
		};
		96C9254D221DDBD7003415FB /* Frameworks */ = {
			isa = PBXFrameworksBuildPhase;
			buildActionMask = 2147483647;
			files = (
			);
			runOnlyForDeploymentPostprocessing = 0;
		};
/* End PBXFrameworksBuildPhase section */

/* Begin PBXGroup section */
		96C92528221DDBD6003415FB = {
			isa = PBXGroup;
			children = (
				96C92533221DDBD6003415FB /* SagorpProj1 */,
				96C92548221DDBD7003415FB /* SagorpProj1Tests */,
				96C92553221DDBD7003415FB /* SagorpProj1UITests */,
				96C92532221DDBD6003415FB /* Products */,
			);
			sourceTree = "<group>";
		};
		96C92532221DDBD6003415FB /* Products */ = {
			isa = PBXGroup;
			children = (
				96C92531221DDBD6003415FB /* SagorpProj1.app */,
				96C92545221DDBD7003415FB /* SagorpProj1Tests.xctest */,
				96C92550221DDBD7003415FB /* SagorpProj1UITests.xctest */,
			);
			name = Products;
			sourceTree = "<group>";
		};
		96C92533221DDBD6003415FB /* SagorpProj1 */ = {
			isa = PBXGroup;
			children = (
				96C92534221DDBD6003415FB /* AppDelegate.swift */,
				96C92536221DDBD6003415FB /* ViewController.swift */,
				96C92538221DDBD6003415FB /* Main.storyboard */,
				DD1C6C8E2230B41000703B35 /* SagorpProj1 */,
				96C9253B221DDBD7003415FB /* Assets.xcassets */,
				96C9253D221DDBD7003415FB /* LaunchScreen.storyboard */,
				96C92540221DDBD7003415FB /* Info.plist */,
			);
			path = SagorpProj1;
			sourceTree = "<group>";
		};
		96C92548221DDBD7003415FB /* SagorpProj1Tests */ = {
			isa = PBXGroup;
			children = (
				96C92549221DDBD7003415FB /* SagorpProj1Tests.swift */,
				96C9254B221DDBD7003415FB /* Info.plist */,
			);
			path = SagorpProj1Tests;
			sourceTree = "<group>";
		};
		96C92553221DDBD7003415FB /* SagorpProj1UITests */ = {
			isa = PBXGroup;
			children = (
				96C92554221DDBD7003415FB /* SagorpProj1UITests.swift */,
				96C92556221DDBD7003415FB /* Info.plist */,
			);
			path = SagorpProj1UITests;
			sourceTree = "<group>";
		};
/* End PBXGroup section */

/* Begin PBXNativeTarget section */
		96C92530221DDBD6003415FB /* SagorpProj1 */ = {
			isa = PBXNativeTarget;
			buildConfigurationList = 96C92559221DDBD7003415FB /* Build configuration list for PBXNativeTarget "SagorpProj1" */;
			buildPhases = (
				96C9252D221DDBD6003415FB /* Sources */,
				96C9252E221DDBD6003415FB /* Frameworks */,
				96C9252F221DDBD6003415FB /* Resources */,
			);
			buildRules = (
			);
			dependencies = (
			);
			name = SagorpProj1;
			productName = SagorpProj1;
			productReference = 96C92531221DDBD6003415FB /* SagorpProj1.app */;
			productType = "com.apple.product-type.application";
		};
		96C92544221DDBD7003415FB /* SagorpProj1Tests */ = {
			isa = PBXNativeTarget;
			buildConfigurationList = 96C9255C221DDBD7003415FB /* Build configuration list for PBXNativeTarget "SagorpProj1Tests" */;
			buildPhases = (
				96C92541221DDBD7003415FB /* Sources */,
				96C92542221DDBD7003415FB /* Frameworks */,
				96C92543221DDBD7003415FB /* Resources */,
			);
			buildRules = (
			);
			dependencies = (
				96C92547221DDBD7003415FB /* PBXTargetDependency */,
			);
			name = SagorpProj1Tests;
			productName = SagorpProj1Tests;
			productReference = 96C92545221DDBD7003415FB /* SagorpProj1Tests.xctest */;
			productType = "com.apple.product-type.bundle.unit-test";
		};
		96C9254F221DDBD7003415FB /* SagorpProj1UITests */ = {
			isa = PBXNativeTarget;
			buildConfigurationList = 96C9255F221DDBD7003415FB /* Build configuration list for PBXNativeTarget "SagorpProj1UITests" */;
			buildPhases = (
				96C9254C221DDBD7003415FB /* Sources */,
				96C9254D221DDBD7003415FB /* Frameworks */,
				96C9254E221DDBD7003415FB /* Resources */,
			);
			buildRules = (
			);
			dependencies = (
				96C92552221DDBD7003415FB /* PBXTargetDependency */,
			);
			name = SagorpProj1UITests;
			productName = SagorpProj1UITests;
			productReference = 96C92550221DDBD7003415FB /* SagorpProj1UITests.xctest */;
			productType = "com.apple.product-type.bundle.ui-testing";
		};
/* End PBXNativeTarget section */

/* Begin PBXProject section */
		96C92529221DDBD6003415FB /* Project object */ = {
			isa = PBXProject;
			attributes = {
				LastSwiftUpdateCheck = 1010;
				LastUpgradeCheck = 1010;
				ORGANIZATIONNAME = "Sagor, Michael A";
				TargetAttributes = {
					96C92530221DDBD6003415FB = {
						CreatedOnToolsVersion = 10.1;
					};
					96C92544221DDBD7003415FB = {
						CreatedOnToolsVersion = 10.1;
						TestTargetID = 96C92530221DDBD6003415FB;
					};
					96C9254F221DDBD7003415FB = {
						CreatedOnToolsVersion = 10.1;
						TestTargetID = 96C92530221DDBD6003415FB;
					};
				};
			};
			buildConfigurationList = 96C9252C221DDBD6003415FB /* Build configuration list for PBXProject "SagorpProj1" */;
			compatibilityVersion = "Xcode 9.3";
			developmentRegion = en;
			hasScannedForEncodings = 0;
			knownRegions = (
				en,
				Base,
			);
			mainGroup = 96C92528221DDBD6003415FB;
			productRefGroup = 96C92532221DDBD6003415FB /* Products */;
			projectDirPath = "";
			projectRoot = "";
			targets = (
				96C92530221DDBD6003415FB /* SagorpProj1 */,
				96C92544221DDBD7003415FB /* SagorpProj1Tests */,
				96C9254F221DDBD7003415FB /* SagorpProj1UITests */,
			);
		};
/* End PBXProject section */

/* Begin PBXResourcesBuildPhase section */
		96C9252F221DDBD6003415FB /* Resources */ = {
			isa = PBXResourcesBuildPhase;
			buildActionMask = 2147483647;
			files = (
				96C9253F221DDBD7003415FB /* LaunchScreen.storyboard in Resources */,
				96C9253C221DDBD7003415FB /* Assets.xcassets in Resources */,
				96C9253A221DDBD6003415FB /* Main.storyboard in Resources */,
				DD1C6C8F2230B41000703B35 /* SagorpProj1 in Resources */,
			);
			runOnlyForDeploymentPostprocessing = 0;
		};
		96C92543221DDBD7003415FB /* Resources */ = {
			isa = PBXResourcesBuildPhase;
			buildActionMask = 2147483647;
			files = (
			);
			runOnlyForDeploymentPostprocessing = 0;
		};
		96C9254E221DDBD7003415FB /* Resources */ = {
			isa = PBXResourcesBuildPhase;
			buildActionMask = 2147483647;
			files = (
			);
			runOnlyForDeploymentPostprocessing = 0;
		};
/* End PBXResourcesBuildPhase section */

/* Begin PBXSourcesBuildPhase section */
		96C9252D221DDBD6003415FB /* Sources */ = {
			isa = PBXSourcesBuildPhase;
			buildActionMask = 2147483647;
			files = (
				96C92537221DDBD6003415FB /* ViewController.swift in Sources */,
				96C92535221DDBD6003415FB /* AppDelegate.swift in Sources */,
			);
			runOnlyForDeploymentPostprocessing = 0;
		};
		96C92541221DDBD7003415FB /* Sources */ = {
			isa = PBXSourcesBuildPhase;
			buildActionMask = 2147483647;
			files = (
				96C9254A221DDBD7003415FB /* SagorpProj1Tests.swift in Sources */,
			);
			runOnlyForDeploymentPostprocessing = 0;
		};
		96C9254C221DDBD7003415FB /* Sources */ = {
			isa = PBXSourcesBuildPhase;
			buildActionMask = 2147483647;
			files = (
				96C92555221DDBD7003415FB /* SagorpProj1UITests.swift in Sources */,
			);
			runOnlyForDeploymentPostprocessing = 0;
		};
/* End PBXSourcesBuildPhase section */

/* Begin PBXTargetDependency section */
		96C92547221DDBD7003415FB /* PBXTargetDependency */ = {
			isa = PBXTargetDependency;
			target = 96C92530221DDBD6003415FB /* SagorpProj1 */;
			targetProxy = 96C92546221DDBD7003415FB /* PBXContainerItemProxy */;
		};
		96C92552221DDBD7003415FB /* PBXTargetDependency */ = {
			isa = PBXTargetDependency;
			target = 96C92530221DDBD6003415FB /* SagorpProj1 */;
			targetProxy = 96C92551221DDBD7003415FB /* PBXContainerItemProxy */;
		};
/* End PBXTargetDependency section */

/* Begin PBXVariantGroup section */
		96C92538221DDBD6003415FB /* Main.storyboard */ = {
			isa = PBXVariantGroup;
			children = (
				96C92539221DDBD6003415FB /* Base */,
			);
			name = Main.storyboard;
			sourceTree = "<group>";
		};
		96C9253D221DDBD7003415FB /* LaunchScreen.storyboard */ = {
			isa = PBXVariantGroup;
			children = (
				96C9253E221DDBD7003415FB /* Base */,
			);
			name = LaunchScreen.storyboard;
			sourceTree = "<group>";
		};
/* End PBXVariantGroup section */

/* Begin XCBuildConfiguration section */
		96C92557221DDBD7003415FB /* Debug */ = {
			isa = XCBuildConfiguration;
			buildSettings = {
				ALWAYS_SEARCH_USER_PATHS = NO;
				CLANG_ANALYZER_NONNULL = YES;
				CLANG_ANALYZER_NUMBER_OBJECT_CONVERSION = YES_AGGRESSIVE;
				CLANG_CXX_LANGUAGE_STANDARD = "gnu++14";
				CLANG_CXX_LIBRARY = "libc++";
				CLANG_ENABLE_MODULES = YES;
				CLANG_ENABLE_OBJC_ARC = YES;
				CLANG_ENABLE_OBJC_WEAK = YES;
				CLANG_WARN_BLOCK_CAPTURE_AUTORELEASING = YES;
				CLANG_WARN_BOOL_CONVERSION = YES;
				CLANG_WARN_COMMA = YES;
				CLANG_WARN_CONSTANT_CONVERSION = YES;
				CLANG_WARN_DEPRECATED_OBJC_IMPLEMENTATIONS = YES;
				CLANG_WARN_DIRECT_OBJC_ISA_USAGE = YES_ERROR;
				CLANG_WARN_DOCUMENTATION_COMMENTS = YES;
				CLANG_WARN_EMPTY_BODY = YES;
				CLANG_WARN_ENUM_CONVERSION = YES;
				CLANG_WARN_INFINITE_RECURSION = YES;
				CLANG_WARN_INT_CONVERSION = YES;
				CLANG_WARN_NON_LITERAL_NULL_CONVERSION = YES;
				CLANG_WARN_OBJC_IMPLICIT_RETAIN_SELF = YES;
				CLANG_WARN_OBJC_LITERAL_CONVERSION = YES;
				CLANG_WARN_OBJC_ROOT_CLASS = YES_ERROR;
				CLANG_WARN_RANGE_LOOP_ANALYSIS = YES;
				CLANG_WARN_STRICT_PROTOTYPES = YES;
				CLANG_WARN_SUSPICIOUS_MOVE = YES;
				CLANG_WARN_UNGUARDED_AVAILABILITY = YES_AGGRESSIVE;
				CLANG_WARN_UNREACHABLE_CODE = YES;
				CLANG_WARN__DUPLICATE_METHOD_MATCH = YES;
				CODE_SIGN_IDENTITY = "iPhone Developer";
				COPY_PHASE_STRIP = NO;
				DEBUG_INFORMATION_FORMAT = dwarf;
				ENABLE_STRICT_OBJC_MSGSEND = YES;
				ENABLE_TESTABILITY = YES;
				GCC_C_LANGUAGE_STANDARD = gnu11;
				GCC_DYNAMIC_NO_PIC = NO;
				GCC_NO_COMMON_BLOCKS = YES;
				GCC_OPTIMIZATION_LEVEL = 0;
				GCC_PREPROCESSOR_DEFINITIONS = (
					"DEBUG=1",
					"$(inherited)",
				);
				GCC_WARN_64_TO_32_BIT_CONVERSION = YES;
				GCC_WARN_ABOUT_RETURN_TYPE = YES_ERROR;
				GCC_WARN_UNDECLARED_SELECTOR = YES;
				GCC_WARN_UNINITIALIZED_AUTOS = YES_AGGRESSIVE;
				GCC_WARN_UNUSED_FUNCTION = YES;
				GCC_WARN_UNUSED_VARIABLE = YES;
				IPHONEOS_DEPLOYMENT_TARGET = 12.1;
				MTL_ENABLE_DEBUG_INFO = INCLUDE_SOURCE;
				MTL_FAST_MATH = YES;
				ONLY_ACTIVE_ARCH = YES;
				SDKROOT = iphoneos;
				SWIFT_ACTIVE_COMPILATION_CONDITIONS = DEBUG;
				SWIFT_OPTIMIZATION_LEVEL = "-Onone";
			};
			name = Debug;
		};
		96C92558221DDBD7003415FB /* Release */ = {
			isa = XCBuildConfiguration;
			buildSettings = {
				ALWAYS_SEARCH_USER_PATHS = NO;
				CLANG_ANALYZER_NONNULL = YES;
				CLANG_ANALYZER_NUMBER_OBJECT_CONVERSION = YES_AGGRESSIVE;
				CLANG_CXX_LANGUAGE_STANDARD = "gnu++14";
				CLANG_CXX_LIBRARY = "libc++";
				CLANG_ENABLE_MODULES = YES;
				CLANG_ENABLE_OBJC_ARC = YES;
				CLANG_ENABLE_OBJC_WEAK = YES;
				CLANG_WARN_BLOCK_CAPTURE_AUTORELEASING = YES;
				CLANG_WARN_BOOL_CONVERSION = YES;
				CLANG_WARN_COMMA = YES;
				CLANG_WARN_CONSTANT_CONVERSION = YES;
				CLANG_WARN_DEPRECATED_OBJC_IMPLEMENTATIONS = YES;
				CLANG_WARN_DIRECT_OBJC_ISA_USAGE = YES_ERROR;
				CLANG_WARN_DOCUMENTATION_COMMENTS = YES;
				CLANG_WARN_EMPTY_BODY = YES;
				CLANG_WARN_ENUM_CONVERSION = YES;
				CLANG_WARN_INFINITE_RECURSION = YES;
				CLANG_WARN_INT_CONVERSION = YES;
				CLANG_WARN_NON_LITERAL_NULL_CONVERSION = YES;
				CLANG_WARN_OBJC_IMPLICIT_RETAIN_SELF = YES;
				CLANG_WARN_OBJC_LITERAL_CONVERSION = YES;
				CLANG_WARN_OBJC_ROOT_CLASS = YES_ERROR;
				CLANG_WARN_RANGE_LOOP_ANALYSIS = YES;
				CLANG_WARN_STRICT_PROTOTYPES = YES;
				CLANG_WARN_SUSPICIOUS_MOVE = YES;
				CLANG_WARN_UNGUARDED_AVAILABILITY = YES_AGGRESSIVE;
				CLANG_WARN_UNREACHABLE_CODE = YES;
				CLANG_WARN__DUPLICATE_METHOD_MATCH = YES;
				CODE_SIGN_IDENTITY = "iPhone Developer";
				COPY_PHASE_STRIP = NO;
				DEBUG_INFORMATION_FORMAT = "dwarf-with-dsym";
				ENABLE_NS_ASSERTIONS = NO;
				ENABLE_STRICT_OBJC_MSGSEND = YES;
				GCC_C_LANGUAGE_STANDARD = gnu11;
				GCC_NO_COMMON_BLOCKS = YES;
				GCC_WARN_64_TO_32_BIT_CONVERSION = YES;
				GCC_WARN_ABOUT_RETURN_TYPE = YES_ERROR;
				GCC_WARN_UNDECLARED_SELECTOR = YES;
				GCC_WARN_UNINITIALIZED_AUTOS = YES_AGGRESSIVE;
				GCC_WARN_UNUSED_FUNCTION = YES;
				GCC_WARN_UNUSED_VARIABLE = YES;
				IPHONEOS_DEPLOYMENT_TARGET = 12.1;
				MTL_ENABLE_DEBUG_INFO = NO;
				MTL_FAST_MATH = YES;
				SDKROOT = iphoneos;
				SWIFT_COMPILATION_MODE = wholemodule;
				SWIFT_OPTIMIZATION_LEVEL = "-O";
				VALIDATE_PRODUCT = YES;
			};
			name = Release;
		};
		96C9255A221DDBD7003415FB /* Debug */ = {
			isa = XCBuildConfiguration;
			buildSettings = {
				ASSETCATALOG_COMPILER_APPICON_NAME = AppIcon;
				CODE_SIGN_STYLE = Automatic;
				INFOPLIST_FILE = SagorpProj1/Info.plist;
				LD_RUNPATH_SEARCH_PATHS = (
					"$(inherited)",
					"@executable_path/Frameworks",
				);
				PRODUCT_BUNDLE_IDENTIFIER = com.michaelsagor.SagorpProj1;
				PRODUCT_NAME = "$(TARGET_NAME)";
				SWIFT_VERSION = 4.2;
				TARGETED_DEVICE_FAMILY = "1,2";
			};
			name = Debug;
		};
		96C9255B221DDBD7003415FB /* Release */ = {
			isa = XCBuildConfiguration;
			buildSettings = {
				ASSETCATALOG_COMPILER_APPICON_NAME = AppIcon;
				CODE_SIGN_STYLE = Automatic;
				INFOPLIST_FILE = SagorpProj1/Info.plist;
				LD_RUNPATH_SEARCH_PATHS = (
					"$(inherited)",
					"@executable_path/Frameworks",
				);
				PRODUCT_BUNDLE_IDENTIFIER = com.michaelsagor.SagorpProj1;
				PRODUCT_NAME = "$(TARGET_NAME)";
				SWIFT_VERSION = 4.2;
				TARGETED_DEVICE_FAMILY = "1,2";
			};
			name = Release;
		};
		96C9255D221DDBD7003415FB /* Debug */ = {
			isa = XCBuildConfiguration;
			buildSettings = {
				ALWAYS_EMBED_SWIFT_STANDARD_LIBRARIES = YES;
				BUNDLE_LOADER = "$(TEST_HOST)";
				CODE_SIGN_STYLE = Automatic;
				INFOPLIST_FILE = SagorpProj1Tests/Info.plist;
				LD_RUNPATH_SEARCH_PATHS = (
					"$(inherited)",
					"@executable_path/Frameworks",
					"@loader_path/Frameworks",
				);
				PRODUCT_BUNDLE_IDENTIFIER = com.michaelsagor.SagorpProj1Tests;
				PRODUCT_NAME = "$(TARGET_NAME)";
				SWIFT_VERSION = 4.2;
				TARGETED_DEVICE_FAMILY = "1,2";
				TEST_HOST = "$(BUILT_PRODUCTS_DIR)/SagorpProj1.app/SagorpProj1";
			};
			name = Debug;
		};
		96C9255E221DDBD7003415FB /* Release */ = {
			isa = XCBuildConfiguration;
			buildSettings = {
				ALWAYS_EMBED_SWIFT_STANDARD_LIBRARIES = YES;
				BUNDLE_LOADER = "$(TEST_HOST)";
				CODE_SIGN_STYLE = Automatic;
				INFOPLIST_FILE = SagorpProj1Tests/Info.plist;
				LD_RUNPATH_SEARCH_PATHS = (
					"$(inherited)",
					"@executable_path/Frameworks",
					"@loader_path/Frameworks",
				);
				PRODUCT_BUNDLE_IDENTIFIER = com.michaelsagor.SagorpProj1Tests;
				PRODUCT_NAME = "$(TARGET_NAME)";
				SWIFT_VERSION = 4.2;
				TARGETED_DEVICE_FAMILY = "1,2";
				TEST_HOST = "$(BUILT_PRODUCTS_DIR)/SagorpProj1.app/SagorpProj1";
			};
			name = Release;
		};
		96C92560221DDBD7003415FB /* Debug */ = {
			isa = XCBuildConfiguration;
			buildSettings = {
				ALWAYS_EMBED_SWIFT_STANDARD_LIBRARIES = YES;
				CODE_SIGN_STYLE = Automatic;
				INFOPLIST_FILE = SagorpProj1UITests/Info.plist;
				LD_RUNPATH_SEARCH_PATHS = (
					"$(inherited)",
					"@executable_path/Frameworks",
					"@loader_path/Frameworks",
				);
				PRODUCT_BUNDLE_IDENTIFIER = com.michaelsagor.SagorpProj1UITests;
				PRODUCT_NAME = "$(TARGET_NAME)";
				SWIFT_VERSION = 4.2;
				TARGETED_DEVICE_FAMILY = "1,2";
				TEST_TARGET_NAME = SagorpProj1;
			};
			name = Debug;
		};
		96C92561221DDBD7003415FB /* Release */ = {
			isa = XCBuildConfiguration;
			buildSettings = {
				ALWAYS_EMBED_SWIFT_STANDARD_LIBRARIES = YES;
				CODE_SIGN_STYLE = Automatic;
				INFOPLIST_FILE = SagorpProj1UITests/Info.plist;
				LD_RUNPATH_SEARCH_PATHS = (
					"$(inherited)",
					"@executable_path/Frameworks",
					"@loader_path/Frameworks",
				);
				PRODUCT_BUNDLE_IDENTIFIER = com.michaelsagor.SagorpProj1UITests;
				PRODUCT_NAME = "$(TARGET_NAME)";
				SWIFT_VERSION = 4.2;
				TARGETED_DEVICE_FAMILY = "1,2";
				TEST_TARGET_NAME = SagorpProj1;
			};
			name = Release;
		};
/* End XCBuildConfiguration section */

/* Begin XCConfigurationList section */
		96C9252C221DDBD6003415FB /* Build configuration list for PBXProject "SagorpProj1" */ = {
			isa = XCConfigurationList;
			buildConfigurations = (
				96C92557221DDBD7003415FB /* Debug */,
				96C92558221DDBD7003415FB /* Release */,
			);
			defaultConfigurationIsVisible = 0;
			defaultConfigurationName = Release;
		};
		96C92559221DDBD7003415FB /* Build configuration list for PBXNativeTarget "SagorpProj1" */ = {
			isa = XCConfigurationList;
			buildConfigurations = (
				96C9255A221DDBD7003415FB /* Debug */,
				96C9255B221DDBD7003415FB /* Release */,
			);
			defaultConfigurationIsVisible = 0;
			defaultConfigurationName = Release;
		};
		96C9255C221DDBD7003415FB /* Build configuration list for PBXNativeTarget "SagorpProj1Tests" */ = {
			isa = XCConfigurationList;
			buildConfigurations = (
				96C9255D221DDBD7003415FB /* Debug */,
				96C9255E221DDBD7003415FB /* Release */,
			);
			defaultConfigurationIsVisible = 0;
			defaultConfigurationName = Release;
		};
		96C9255F221DDBD7003415FB /* Build configuration list for PBXNativeTarget "SagorpProj1UITests" */ = {
			isa = XCConfigurationList;
			buildConfigurations = (
				96C92560221DDBD7003415FB /* Debug */,
				96C92561221DDBD7003415FB /* Release */,
			);
			defaultConfigurationIsVisible = 0;
			defaultConfigurationName = Release;
		};
/* End XCConfigurationList section */
	};
	rootObject = 96C92529221DDBD6003415FB /* Project object */;
}
